
Microsoft Visual Studio Solution File, Format Version 11.00
# Visual Studio 2010
Project("{FAE04EC0-301F-11D3-BF4B-00C04F79EFBC}") = "BadgeView", "BadgeView.csproj", "{A0C46350-70CF-42D2-9CF6-5343A88A36B4}"
EndProject
Global
	GlobalSection(SolutionConfigurationPlatforms) = preSolution
		Debug|Any CPU = Debug|Any CPU
		Release|Any CPU = Release|Any CPU
	EndGlobalSection
	GlobalSection(ProjectConfigurationPlatforms) = postSolution
		{A0C46350-70CF-42D2-9CF6-5343A88A36B4}.Debug|Any CPU.ActiveCfg = Debug|Any CPU
		{A0C46350-70CF-42D2-9CF6-5343A88A36B4}.Debug|Any CPU.Build.0 = Debug|Any CPU
		{A0C46350-70CF-42D2-9CF6-5343A88A36B4}.Release|Any CPU.ActiveCfg = Release|Any CPU
		{A0C46350-70CF-42D2-9CF6-5343A88A36B4}.Release|Any CPU.Build.0 = Release|Any CPU
	EndGlobalSection
	GlobalSection(MonoDevelopProperties) = preSolution
		StartupItem = BadgeView.csproj
	EndGlobalSection
EndGlobal
